// !$*UTF8*$!
{
	archiveVersion = 1;
	classes = {
	};
	objectVersion = 52;
	objects = {

/* Begin PBXBuildFile section */
		61C9075422E657E2008CDCF4 /* AppDelegate.swift in Sources */ = {isa = PBXBuildFile; fileRef = 61C9075322E657E2008CDCF4 /* AppDelegate.swift */; };
		61C9075622E657E2008CDCF4 /* ViewController.swift in Sources */ = {isa = PBXBuildFile; fileRef = 61C9075522E657E2008CDCF4 /* ViewController.swift */; };
		61C9075922E657E2008CDCF4 /* Main.storyboard in Resources */ = {isa = PBXBuildFile; fileRef = 61C9075722E657E2008CDCF4 /* Main.storyboard */; };
		61C9075B22E657E4008CDCF4 /* Assets.xcassets in Resources */ = {isa = PBXBuildFile; fileRef = 61C9075A22E657E4008CDCF4 /* Assets.xcassets */; };
		61C9075E22E657E4008CDCF4 /* LaunchScreen.storyboard in Resources */ = {isa = PBXBuildFile; fileRef = 61C9075C22E657E4008CDCF4 /* LaunchScreen.storyboard */; };
		61C9078222E66098008CDCF4 /* ChartData.json in Resources */ = {isa = PBXBuildFile; fileRef = 61C9078122E66098008CDCF4 /* ChartData.json */; };
		61FF78942334536600FBA1E7 /* BentrockCharts.framework in Sources */ = {isa = PBXBuildFile; fileRef = 61FF78922334520600FBA1E7 /* BentrockCharts.framework */; };
		8214CA2C24C6C47F003B5B7A /* BentrockCharts.xcframework in Frameworks */ = {isa = PBXBuildFile; fileRef = 8214CA2B24C6C47F003B5B7A /* BentrockCharts.xcframework */; };
/* End PBXBuildFile section */

/* Begin PBXCopyFilesBuildPhase section */
		8266E0E824C6892A00E82BCE /* Embed Frameworks */ = {
			isa = PBXCopyFilesBuildPhase;
			buildActionMask = 2147483647;
			dstPath = "";
			dstSubfolderSpec = 10;
			files = (
			);
			name = "Embed Frameworks";
			runOnlyForDeploymentPostprocessing = 0;
		};
/* End PBXCopyFilesBuildPhase section */

/* Begin PBXFileReference section */
		61C9075022E657E2008CDCF4 /* BentrockChartsDemo.app */ = {isa = PBXFileReference; explicitFileType = wrapper.application; includeInIndex = 0; path = BentrockChartsDemo.app; sourceTree = BUILT_PRODUCTS_DIR; };
		61C9075322E657E2008CDCF4 /* AppDelegate.swift */ = {isa = PBXFileReference; lastKnownFileType = sourcecode.swift; path = AppDelegate.swift; sourceTree = "<group>"; };
		61C9075522E657E2008CDCF4 /* ViewController.swift */ = {isa = PBXFileReference; lastKnownFileType = sourcecode.swift; path = ViewController.swift; sourceTree = "<group>"; };
		61C9075822E657E2008CDCF4 /* Base */ = {isa = PBXFileReference; lastKnownFileType = file.storyboard; name = Base; path = Base.lproj/Main.storyboard; sourceTree = "<group>"; };
		61C9075A22E657E4008CDCF4 /* Assets.xcassets */ = {isa = PBXFileReference; lastKnownFileType = folder.assetcatalog; path = Assets.xcassets; sourceTree = "<group>"; };
		61C9075D22E657E4008CDCF4 /* Base */ = {isa = PBXFileReference; lastKnownFileType = file.storyboard; name = Base; path = Base.lproj/LaunchScreen.storyboard; sourceTree = "<group>"; };
		61C9075F22E657E4008CDCF4 /* Info.plist */ = {isa = PBXFileReference; lastKnownFileType = text.plist.xml; path = Info.plist; sourceTree = "<group>"; };
		61C9076822E657E4008CDCF4 /* BentrockChartsTests.swift */ = {isa = PBXFileReference; lastKnownFileType = sourcecode.swift; path = BentrockChartsTests.swift; sourceTree = "<group>"; };
		61C9076A22E657E4008CDCF4 /* Info.plist */ = {isa = PBXFileReference; lastKnownFileType = text.plist.xml; path = Info.plist; sourceTree = "<group>"; };
		61C9078122E66098008CDCF4 /* ChartData.json */ = {isa = PBXFileReference; fileEncoding = 4; lastKnownFileType = text.json; path = ChartData.json; sourceTree = "<group>"; };
		61FF78922334520600FBA1E7 /* BentrockCharts.framework */ = {isa = PBXFileReference; lastKnownFileType = wrapper.framework; name = BentrockCharts.framework; path = /Users/evelyn/MyProjects/Chart/BentrockCharts/BentrockCharts/BentrockCharts.framework; sourceTree = "<absolute>"; };
		8214CA2B24C6C47F003B5B7A /* BentrockCharts.xcframework */ = {isa = PBXFileReference; lastKnownFileType = wrapper.xcframework; name = BentrockCharts.xcframework; path = BentrockChartsDemo/BentrockCharts.xcframework; sourceTree = "<group>"; };
/* End PBXFileReference section */

/* Begin PBXFrameworksBuildPhase section */
		61C9074D22E657E2008CDCF4 /* Frameworks */ = {
			isa = PBXFrameworksBuildPhase;
			buildActionMask = 2147483647;
			files = (
				8214CA2C24C6C47F003B5B7A /* BentrockCharts.xcframework in Frameworks */,
			);
			runOnlyForDeploymentPostprocessing = 0;
		};
/* End PBXFrameworksBuildPhase section */

/* Begin PBXGroup section */
		61C9074722E657E2008CDCF4 = {
			isa = PBXGroup;
			children = (
				61C9075222E657E2008CDCF4 /* BentrockChartsDemo */,
				61C9076722E657E4008CDCF4 /* BentrockChartsDemoTests */,
				61C9075122E657E2008CDCF4 /* Products */,
				8266E0DF24C687D400E82BCE /* Frameworks */,
				8266E0E424C6890C00E82BCE /* Recovered References */,
			);
			sourceTree = "<group>";
		};
		61C9075122E657E2008CDCF4 /* Products */ = {
			isa = PBXGroup;
			children = (
				61C9075022E657E2008CDCF4 /* BentrockChartsDemo.app */,
			);
			name = Products;
			sourceTree = "<group>";
		};
		61C9075222E657E2008CDCF4 /* BentrockChartsDemo */ = {
			isa = PBXGroup;
			children = (
				61C9077E22E66019008CDCF4 /* SampleData */,
				61C9075522E657E2008CDCF4 /* ViewController.swift */,
				61C9075322E657E2008CDCF4 /* AppDelegate.swift */,
				61C9075722E657E2008CDCF4 /* Main.storyboard */,
				61C9075A22E657E4008CDCF4 /* Assets.xcassets */,
				61C9075C22E657E4008CDCF4 /* LaunchScreen.storyboard */,
				61C9075F22E657E4008CDCF4 /* Info.plist */,
			);
			path = BentrockChartsDemo;
			sourceTree = "<group>";
		};
		61C9076722E657E4008CDCF4 /* BentrockChartsDemoTests */ = {
			isa = PBXGroup;
			children = (
				61C9076822E657E4008CDCF4 /* BentrockChartsTests.swift */,
				61C9076A22E657E4008CDCF4 /* Info.plist */,
			);
			path = BentrockChartsDemoTests;
			sourceTree = "<group>";
		};
		61C9077E22E66019008CDCF4 /* SampleData */ = {
			isa = PBXGroup;
			children = (
				61C9078122E66098008CDCF4 /* ChartData.json */,
			);
			path = SampleData;
			sourceTree = "<group>";
		};
		8266E0DF24C687D400E82BCE /* Frameworks */ = {
			isa = PBXGroup;
			children = (
				8214CA2B24C6C47F003B5B7A /* BentrockCharts.xcframework */,
			);
			name = Frameworks;
			sourceTree = "<group>";
		};
		8266E0E424C6890C00E82BCE /* Recovered References */ = {
			isa = PBXGroup;
			children = (
				61FF78922334520600FBA1E7 /* BentrockCharts.framework */,
			);
			name = "Recovered References";
			sourceTree = "<group>";
		};
/* End PBXGroup section */

/* Begin PBXNativeTarget section */
		61C9074F22E657E2008CDCF4 /* BentrockChartsDemo */ = {
			isa = PBXNativeTarget;
			buildConfigurationList = 61C9076D22E657E4008CDCF4 /* Build configuration list for PBXNativeTarget "BentrockChartsDemo" */;
			buildPhases = (
				61C9074C22E657E2008CDCF4 /* Sources */,
				61C9074D22E657E2008CDCF4 /* Frameworks */,
				61C9074E22E657E2008CDCF4 /* Resources */,
				8266E0E824C6892A00E82BCE /* Embed Frameworks */,
			);
			buildRules = (
			);
			dependencies = (
			);
			name = BentrockChartsDemo;
			productName = BentrockCharts;
			productReference = 61C9075022E657E2008CDCF4 /* BentrockChartsDemo.app */;
			productType = "com.apple.product-type.application";
		};
/* End PBXNativeTarget section */

/* Begin PBXProject section */
		61C9074822E657E2008CDCF4 /* Project object */ = {
			isa = PBXProject;
			attributes = {
				LastSwiftUpdateCheck = 1000;
				LastUpgradeCheck = 1000;
				ORGANIZATIONNAME = Bentrock;
				TargetAttributes = {
					61C9074F22E657E2008CDCF4 = {
						CreatedOnToolsVersion = 10.0;
					};
				};
			};
			buildConfigurationList = 61C9074B22E657E2008CDCF4 /* Build configuration list for PBXProject "BentrockChartsDemo" */;
			compatibilityVersion = "Xcode 9.3";
			developmentRegion = en;
			hasScannedForEncodings = 0;
			knownRegions = (
				en,
				Base,
			);
			mainGroup = 61C9074722E657E2008CDCF4;
			productRefGroup = 61C9075122E657E2008CDCF4 /* Products */;
			projectDirPath = "";
			projectRoot = "";
			targets = (
				61C9074F22E657E2008CDCF4 /* BentrockChartsDemo */,
			);
		};
/* End PBXProject section */

/* Begin PBXResourcesBuildPhase section */
		61C9074E22E657E2008CDCF4 /* Resources */ = {
			isa = PBXResourcesBuildPhase;
			buildActionMask = 2147483647;
			files = (
				61C9075E22E657E4008CDCF4 /* LaunchScreen.storyboard in Resources */,
				61C9075B22E657E4008CDCF4 /* Assets.xcassets in Resources */,
				61C9078222E66098008CDCF4 /* ChartData.json in Resources */,
				61C9075922E657E2008CDCF4 /* Main.storyboard in Resources */,
			);
			runOnlyForDeploymentPostprocessing = 0;
		};
/* End PBXResourcesBuildPhase section */

/* Begin PBXSourcesBuildPhase section */
		61C9074C22E657E2008CDCF4 /* Sources */ = {
			isa = PBXSourcesBuildPhase;
			buildActionMask = 2147483647;
			files = (
				61FF78942334536600FBA1E7 /* BentrockCharts.framework in Sources */,
				61C9075622E657E2008CDCF4 /* ViewController.swift in Sources */,
				61C9075422E657E2008CDCF4 /* AppDelegate.swift in Sources */,
			);
			runOnlyForDeploymentPostprocessing = 0;
		};
/* End PBXSourcesBuildPhase section */

/* Begin PBXVariantGroup section */
		61C9075722E657E2008CDCF4 /* Main.storyboard */ = {
			isa = PBXVariantGroup;
			children = (
				61C9075822E657E2008CDCF4 /* Base */,
			);
			name = Main.storyboard;
			sourceTree = "<group>";
		};
		61C9075C22E657E4008CDCF4 /* LaunchScreen.storyboard */ = {
			isa = PBXVariantGroup;
			children = (
				61C9075D22E657E4008CDCF4 /* Base */,
			);
			name = LaunchScreen.storyboard;
			sourceTree = "<group>";
		};
/* End PBXVariantGroup section */

/* Begin XCBuildConfiguration section */
		61C9076B22E657E4008CDCF4 /* Debug */ = {
			isa = XCBuildConfiguration;
			buildSettings = {
				ALWAYS_SEARCH_USER_PATHS = NO;
				CLANG_ANALYZER_NONNULL = YES;
				CLANG_ANALYZER_NUMBER_OBJECT_CONVERSION = YES_AGGRESSIVE;
				CLANG_CXX_LANGUAGE_STANDARD = "gnu++14";
				CLANG_CXX_LIBRARY = "libc++";
				CLANG_ENABLE_MODULES = YES;
				CLANG_ENABLE_OBJC_ARC = YES;
				CLANG_ENABLE_OBJC_WEAK = YES;
				CLANG_WARN_BLOCK_CAPTURE_AUTORELEASING = YES;
				CLANG_WARN_BOOL_CONVERSION = YES;
				CLANG_WARN_COMMA = YES;
				CLANG_WARN_CONSTANT_CONVERSION = YES;
				CLANG_WARN_DEPRECATED_OBJC_IMPLEMENTATIONS = YES;
				CLANG_WARN_DIRECT_OBJC_ISA_USAGE = YES_ERROR;
				CLANG_WARN_DOCUMENTATION_COMMENTS = YES;
				CLANG_WARN_EMPTY_BODY = YES;
				CLANG_WARN_ENUM_CONVERSION = YES;
				CLANG_WARN_INFINITE_RECURSION = YES;
				CLANG_WARN_INT_CONVERSION = YES;
				CLANG_WARN_NON_LITERAL_NULL_CONVERSION = YES;
				CLANG_WARN_OBJC_IMPLICIT_RETAIN_SELF = YES;
				CLANG_WARN_OBJC_LITERAL_CONVERSION = YES;
				CLANG_WARN_OBJC_ROOT_CLASS = YES_ERROR;
				CLANG_WARN_RANGE_LOOP_ANALYSIS = YES;
				CLANG_WARN_STRICT_PROTOTYPES = YES;
				CLANG_WARN_SUSPICIOUS_MOVE = YES;
				CLANG_WARN_UNGUARDED_AVAILABILITY = YES_AGGRESSIVE;
				CLANG_WARN_UNREACHABLE_CODE = YES;
				CLANG_WARN__DUPLICATE_METHOD_MATCH = YES;
				CODE_SIGN_IDENTITY = "Don't Code Sign";
				COPY_PHASE_STRIP = NO;
				DEBUG_INFORMATION_FORMAT = dwarf;
				ENABLE_STRICT_OBJC_MSGSEND = YES;
				ENABLE_TESTABILITY = YES;
				GCC_C_LANGUAGE_STANDARD = gnu11;
				GCC_DYNAMIC_NO_PIC = NO;
				GCC_NO_COMMON_BLOCKS = YES;
				GCC_OPTIMIZATION_LEVEL = 0;
				GCC_PREPROCESSOR_DEFINITIONS = (
					"DEBUG=1",
					"$(inherited)",
				);
				GCC_WARN_64_TO_32_BIT_CONVERSION = YES;
				GCC_WARN_ABOUT_RETURN_TYPE = YES_ERROR;
				GCC_WARN_UNDECLARED_SELECTOR = YES;
				GCC_WARN_UNINITIALIZED_AUTOS = YES_AGGRESSIVE;
				GCC_WARN_UNUSED_FUNCTION = YES;
				GCC_WARN_UNUSED_VARIABLE = YES;
				IPHONEOS_DEPLOYMENT_TARGET = 12.0;
				MTL_ENABLE_DEBUG_INFO = INCLUDE_SOURCE;
				MTL_FAST_MATH = YES;
				ONLY_ACTIVE_ARCH = YES;
				SDKROOT = iphoneos;
				SWIFT_ACTIVE_COMPILATION_CONDITIONS = DEBUG;
				SWIFT_OPTIMIZATION_LEVEL = "-Onone";
			};
			name = Debug;
		};
		61C9076C22E657E4008CDCF4 /* Release */ = {
			isa = XCBuildConfiguration;
			buildSettings = {
				ALWAYS_SEARCH_USER_PATHS = NO;
				CLANG_ANALYZER_NONNULL = YES;
				CLANG_ANALYZER_NUMBER_OBJECT_CONVERSION = YES_AGGRESSIVE;
				CLANG_CXX_LANGUAGE_STANDARD = "gnu++14";
				CLANG_CXX_LIBRARY = "libc++";
				CLANG_ENABLE_MODULES = YES;
				CLANG_ENABLE_OBJC_ARC = YES;
				CLANG_ENABLE_OBJC_WEAK = YES;
				CLANG_WARN_BLOCK_CAPTURE_AUTORELEASING = YES;
				CLANG_WARN_BOOL_CONVERSION = YES;
				CLANG_WARN_COMMA = YES;
				CLANG_WARN_CONSTANT_CONVERSION = YES;
				CLANG_WARN_DEPRECATED_OBJC_IMPLEMENTATIONS = YES;
				CLANG_WARN_DIRECT_OBJC_ISA_USAGE = YES_ERROR;
				CLANG_WARN_DOCUMENTATION_COMMENTS = YES;
				CLANG_WARN_EMPTY_BODY = YES;
				CLANG_WARN_ENUM_CONVERSION = YES;
				CLANG_WARN_INFINITE_RECURSION = YES;
				CLANG_WARN_INT_CONVERSION = YES;
				CLANG_WARN_NON_LITERAL_NULL_CONVERSION = YES;
				CLANG_WARN_OBJC_IMPLICIT_RETAIN_SELF = YES;
				CLANG_WARN_OBJC_LITERAL_CONVERSION = YES;
				CLANG_WARN_OBJC_ROOT_CLASS = YES_ERROR;
				CLANG_WARN_RANGE_LOOP_ANALYSIS = YES;
				CLANG_WARN_STRICT_PROTOTYPES = YES;
				CLANG_WARN_SUSPICIOUS_MOVE = YES;
				CLANG_WARN_UNGUARDED_AVAILABILITY = YES_AGGRESSIVE;
				CLANG_WARN_UNREACHABLE_CODE = YES;
				CLANG_WARN__DUPLICATE_METHOD_MATCH = YES;
				CODE_SIGN_IDENTITY = "Don't Code Sign";
				COPY_PHASE_STRIP = NO;
				DEBUG_INFORMATION_FORMAT = "dwarf-with-dsym";
				ENABLE_NS_ASSERTIONS = NO;
				ENABLE_STRICT_OBJC_MSGSEND = YES;
				GCC_C_LANGUAGE_STANDARD = gnu11;
				GCC_NO_COMMON_BLOCKS = YES;
				GCC_WARN_64_TO_32_BIT_CONVERSION = YES;
				GCC_WARN_ABOUT_RETURN_TYPE = YES_ERROR;
				GCC_WARN_UNDECLARED_SELECTOR = YES;
				GCC_WARN_UNINITIALIZED_AUTOS = YES_AGGRESSIVE;
				GCC_WARN_UNUSED_FUNCTION = YES;
				GCC_WARN_UNUSED_VARIABLE = YES;
				IPHONEOS_DEPLOYMENT_TARGET = 12.0;
				MTL_ENABLE_DEBUG_INFO = NO;
				MTL_FAST_MATH = YES;
				SDKROOT = iphoneos;
				SWIFT_COMPILATION_MODE = wholemodule;
				SWIFT_OPTIMIZATION_LEVEL = "-O";
				VALIDATE_PRODUCT = YES;
			};
			name = Release;
		};
		61C9076E22E657E4008CDCF4 /* Debug */ = {
			isa = XCBuildConfiguration;
			buildSettings = {
				ASSETCATALOG_COMPILER_APPICON_NAME = AppIcon;
				CODE_SIGN_STYLE = Manual;
				DEVELOPMENT_TEAM = "";
				FRAMEWORK_SEARCH_PATHS = (
					"$(inherited)",
					"$(PROJECT_DIR)/BentrockCharts",
				);
				INFOPLIST_FILE = BentrockChartsDemo/Info.plist;
				LD_RUNPATH_SEARCH_PATHS = (
					"$(inherited)",
					"@executable_path/Frameworks",
				);
				PRODUCT_BUNDLE_IDENTIFIER = com.bentrock.BentrockChartsDemo;
				PRODUCT_NAME = "$(TARGET_NAME)";
				PROVISIONING_PROFILE_SPECIFIER = "";
				SWIFT_VERSION = 4.2;
				TARGETED_DEVICE_FAMILY = "1,2";
			};
			name = Debug;
		};
		61C9076F22E657E4008CDCF4 /* Release */ = {
			isa = XCBuildConfiguration;
			buildSettings = {
				ASSETCATALOG_COMPILER_APPICON_NAME = AppIcon;
				CODE_SIGN_STYLE = Manual;
				DEVELOPMENT_TEAM = "";
				FRAMEWORK_SEARCH_PATHS = (
					"$(inherited)",
					"$(PROJECT_DIR)/BentrockCharts",
				);
				INFOPLIST_FILE = BentrockChartsDemo/Info.plist;
				LD_RUNPATH_SEARCH_PATHS = (
					"$(inherited)",
					"@executable_path/Frameworks",
				);
				PRODUCT_BUNDLE_IDENTIFIER = com.bentrock.BentrockChartsDemo;
				PRODUCT_NAME = "$(TARGET_NAME)";
				PROVISIONING_PROFILE_SPECIFIER = "";
				SWIFT_VERSION = 4.2;
				TARGETED_DEVICE_FAMILY = "1,2";
			};
			name = Release;
		};
/* End XCBuildConfiguration section */

/* Begin XCConfigurationList section */
		61C9074B22E657E2008CDCF4 /* Build configuration list for PBXProject "BentrockChartsDemo" */ = {
			isa = XCConfigurationList;
			buildConfigurations = (
				61C9076B22E657E4008CDCF4 /* Debug */,
				61C9076C22E657E4008CDCF4 /* Release */,
			);
			defaultConfigurationIsVisible = 0;
			defaultConfigurationName = Release;
		};
		61C9076D22E657E4008CDCF4 /* Build configuration list for PBXNativeTarget "BentrockChartsDemo" */ = {
			isa = XCConfigurationList;
			buildConfigurations = (
				61C9076E22E657E4008CDCF4 /* Debug */,
				61C9076F22E657E4008CDCF4 /* Release */,
			);
			defaultConfigurationIsVisible = 0;
			defaultConfigurationName = Release;
		};
/* End XCConfigurationList section */
	};
	rootObject = 61C9074822E657E2008CDCF4 /* Project object */;
}
